// !$*UTF8*$!
{
	archiveVersion = 1;
	classes = {
	};
	objectVersion = 50;
	objects = {

/* Begin PBXBuildFile section */
		B91B3D3A245CAA0C0012D8D6 /* AppDelegate.swift in Sources */ = {isa = PBXBuildFile; fileRef = B91B3D39245CAA0C0012D8D6 /* AppDelegate.swift */; };
		B91B3D3C245CAA0C0012D8D6 /* SceneDelegate.swift in Sources */ = {isa = PBXBuildFile; fileRef = B91B3D3B245CAA0C0012D8D6 /* SceneDelegate.swift */; };
		B91B3D3E245CAA0C0012D8D6 /* ContentView.swift in Sources */ = {isa = PBXBuildFile; fileRef = B91B3D3D245CAA0C0012D8D6 /* ContentView.swift */; };
		B91B3D40245CAA0E0012D8D6 /* Assets.xcassets in Resources */ = {isa = PBXBuildFile; fileRef = B91B3D3F245CAA0E0012D8D6 /* Assets.xcassets */; };
		B91B3D43245CAA0E0012D8D6 /* Preview Assets.xcassets in Resources */ = {isa = PBXBuildFile; fileRef = B91B3D42245CAA0E0012D8D6 /* Preview Assets.xcassets */; };
		B91B3D46245CAA0E0012D8D6 /* LaunchScreen.storyboard in Resources */ = {isa = PBXBuildFile; fileRef = B91B3D44245CAA0E0012D8D6 /* LaunchScreen.storyboard */; };
		B9FE8899245CB0D000C618DC /* DetailView.swift in Sources */ = {isa = PBXBuildFile; fileRef = B9FE8898245CB0D000C618DC /* DetailView.swift */; };
		B9FE88A0245CB8D100C618DC /* Data.swift in Sources */ = {isa = PBXBuildFile; fileRef = B9FE889F245CB8D100C618DC /* Data.swift */; };
		B9FE88A2245CB8F200C618DC /* Person.swift in Sources */ = {isa = PBXBuildFile; fileRef = B9FE88A1245CB8F200C618DC /* Person.swift */; };
/* End PBXBuildFile section */

/* Begin PBXFileReference section */
		B91B3D36245CAA0C0012D8D6 /* list-swiftui.app */ = {isa = PBXFileReference; explicitFileType = wrapper.application; includeInIndex = 0; path = "list-swiftui.app"; sourceTree = BUILT_PRODUCTS_DIR; };
		B91B3D39245CAA0C0012D8D6 /* AppDelegate.swift */ = {isa = PBXFileReference; lastKnownFileType = sourcecode.swift; path = AppDelegate.swift; sourceTree = "<group>"; };
		B91B3D3B245CAA0C0012D8D6 /* SceneDelegate.swift */ = {isa = PBXFileReference; lastKnownFileType = sourcecode.swift; path = SceneDelegate.swift; sourceTree = "<group>"; };
		B91B3D3D245CAA0C0012D8D6 /* ContentView.swift */ = {isa = PBXFileReference; lastKnownFileType = sourcecode.swift; path = ContentView.swift; sourceTree = "<group>"; };
		B91B3D3F245CAA0E0012D8D6 /* Assets.xcassets */ = {isa = PBXFileReference; lastKnownFileType = folder.assetcatalog; path = Assets.xcassets; sourceTree = "<group>"; };
		B91B3D42245CAA0E0012D8D6 /* Preview Assets.xcassets */ = {isa = PBXFileReference; lastKnownFileType = folder.assetcatalog; path = "Preview Assets.xcassets"; sourceTree = "<group>"; };
		B91B3D45245CAA0E0012D8D6 /* Base */ = {isa = PBXFileReference; lastKnownFileType = file.storyboard; name = Base; path = Base.lproj/LaunchScreen.storyboard; sourceTree = "<group>"; };
		B91B3D47245CAA0E0012D8D6 /* Info.plist */ = {isa = PBXFileReference; lastKnownFileType = text.plist.xml; path = Info.plist; sourceTree = "<group>"; };
		B9FE8898245CB0D000C618DC /* DetailView.swift */ = {isa = PBXFileReference; lastKnownFileType = sourcecode.swift; path = DetailView.swift; sourceTree = "<group>"; };
		B9FE889F245CB8D100C618DC /* Data.swift */ = {isa = PBXFileReference; lastKnownFileType = sourcecode.swift; path = Data.swift; sourceTree = "<group>"; };
		B9FE88A1245CB8F200C618DC /* Person.swift */ = {isa = PBXFileReference; lastKnownFileType = sourcecode.swift; path = Person.swift; sourceTree = "<group>"; };
/* End PBXFileReference section */

/* Begin PBXFrameworksBuildPhase section */
		B91B3D33245CAA0C0012D8D6 /* Frameworks */ = {
			isa = PBXFrameworksBuildPhase;
			buildActionMask = 2147483647;
			files = (
			);
			runOnlyForDeploymentPostprocessing = 0;
		};
/* End PBXFrameworksBuildPhase section */

/* Begin PBXGroup section */
		B91B3D2D245CAA0C0012D8D6 = {
			isa = PBXGroup;
			children = (
				B91B3D38245CAA0C0012D8D6 /* list-swiftui */,
				B91B3D37245CAA0C0012D8D6 /* Products */,
			);
			sourceTree = "<group>";
		};
		B91B3D37245CAA0C0012D8D6 /* Products */ = {
			isa = PBXGroup;
			children = (
				B91B3D36245CAA0C0012D8D6 /* list-swiftui.app */,
			);
			name = Products;
			sourceTree = "<group>";
		};
		B91B3D38245CAA0C0012D8D6 /* list-swiftui */ = {
			isa = PBXGroup;
			children = (
				B9FE889E245CB89400C618DC /* Model */,
				B9FE88A3245CB96200C618DC /* View */,
				B91B3D39245CAA0C0012D8D6 /* AppDelegate.swift */,
				B91B3D3B245CAA0C0012D8D6 /* SceneDelegate.swift */,
				B91B3D3F245CAA0E0012D8D6 /* Assets.xcassets */,
				B91B3D44245CAA0E0012D8D6 /* LaunchScreen.storyboard */,
				B91B3D47245CAA0E0012D8D6 /* Info.plist */,
				B91B3D41245CAA0E0012D8D6 /* Preview Content */,
			);
			path = "list-swiftui";
			sourceTree = "<group>";
		};
		B91B3D41245CAA0E0012D8D6 /* Preview Content */ = {
			isa = PBXGroup;
			children = (
				B91B3D42245CAA0E0012D8D6 /* Preview Assets.xcassets */,
			);
			path = "Preview Content";
			sourceTree = "<group>";
		};
		B9FE889E245CB89400C618DC /* Model */ = {
			isa = PBXGroup;
			children = (
				B9FE88A1245CB8F200C618DC /* Person.swift */,
				B9FE889F245CB8D100C618DC /* Data.swift */,
			);
			path = Model;
			sourceTree = "<group>";
		};
		B9FE88A3245CB96200C618DC /* View */ = {
			isa = PBXGroup;
			children = (
				B9FE8898245CB0D000C618DC /* DetailView.swift */,
				B91B3D3D245CAA0C0012D8D6 /* ContentView.swift */,
			);
			path = View;
			sourceTree = "<group>";
		};
/* End PBXGroup section */

/* Begin PBXNativeTarget section */
		B91B3D35245CAA0C0012D8D6 /* list-swiftui */ = {
			isa = PBXNativeTarget;
			buildConfigurationList = B91B3D4A245CAA0E0012D8D6 /* Build configuration list for PBXNativeTarget "list-swiftui" */;
			buildPhases = (
				B91B3D32245CAA0C0012D8D6 /* Sources */,
				B91B3D33245CAA0C0012D8D6 /* Frameworks */,
				B91B3D34245CAA0C0012D8D6 /* Resources */,
			);
			buildRules = (
			);
			dependencies = (
			);
			name = "list-swiftui";
			productName = "list-swiftui";
			productReference = B91B3D36245CAA0C0012D8D6 /* list-swiftui.app */;
			productType = "com.apple.product-type.application";
		};
/* End PBXNativeTarget section */

/* Begin PBXProject section */
		B91B3D2E245CAA0C0012D8D6 /* Project object */ = {
			isa = PBXProject;
			attributes = {
				LastSwiftUpdateCheck = 1140;
				LastUpgradeCheck = 1140;
				ORGANIZATIONNAME = yn;
				TargetAttributes = {
					B91B3D35245CAA0C0012D8D6 = {
						CreatedOnToolsVersion = 11.4.1;
					};
				};
			};
			buildConfigurationList = B91B3D31245CAA0C0012D8D6 /* Build configuration list for PBXProject "list-swiftui" */;
			compatibilityVersion = "Xcode 9.3";
			developmentRegion = en;
			hasScannedForEncodings = 0;
			knownRegions = (
				en,
				Base,
			);
			mainGroup = B91B3D2D245CAA0C0012D8D6;
			productRefGroup = B91B3D37245CAA0C0012D8D6 /* Products */;
			projectDirPath = "";
			projectRoot = "";
			targets = (
				B91B3D35245CAA0C0012D8D6 /* list-swiftui */,
			);
		};
/* End PBXProject section */

/* Begin PBXResourcesBuildPhase section */
		B91B3D34245CAA0C0012D8D6 /* Resources */ = {
			isa = PBXResourcesBuildPhase;
			buildActionMask = 2147483647;
			files = (
				B91B3D46245CAA0E0012D8D6 /* LaunchScreen.storyboard in Resources */,
				B91B3D43245CAA0E0012D8D6 /* Preview Assets.xcassets in Resources */,
				B91B3D40245CAA0E0012D8D6 /* Assets.xcassets in Resources */,
			);
			runOnlyForDeploymentPostprocessing = 0;
		};
/* End PBXResourcesBuildPhase section */

/* Begin PBXSourcesBuildPhase section */
		B91B3D32245CAA0C0012D8D6 /* Sources */ = {
			isa = PBXSourcesBuildPhase;
			buildActionMask = 2147483647;
			files = (
				B9FE88A2245CB8F200C618DC /* Person.swift in Sources */,
				B91B3D3A245CAA0C0012D8D6 /* AppDelegate.swift in Sources */,
				B9FE88A0245CB8D100C618DC /* Data.swift in Sources */,
				B9FE8899245CB0D000C618DC /* DetailView.swift in Sources */,
				B91B3D3C245CAA0C0012D8D6 /* SceneDelegate.swift in Sources */,
				B91B3D3E245CAA0C0012D8D6 /* ContentView.swift in Sources */,
			);
			runOnlyForDeploymentPostprocessing = 0;
		};
/* End PBXSourcesBuildPhase section */

/* Begin PBXVariantGroup section */
		B91B3D44245CAA0E0012D8D6 /* LaunchScreen.storyboard */ = {
			isa = PBXVariantGroup;
			children = (
				B91B3D45245CAA0E0012D8D6 /* Base */,
			);
			name = LaunchScreen.storyboard;
			sourceTree = "<group>";
		};
/* End PBXVariantGroup section */

/* Begin XCBuildConfiguration section */
		B91B3D48245CAA0E0012D8D6 /* Debug */ = {
			isa = XCBuildConfiguration;
			buildSettings = {
				ALWAYS_SEARCH_USER_PATHS = NO;
				CLANG_ANALYZER_NONNULL = YES;
				CLANG_ANALYZER_NUMBER_OBJECT_CONVERSION = YES_AGGRESSIVE;
				CLANG_CXX_LANGUAGE_STANDARD = "gnu++14";
				CLANG_CXX_LIBRARY = "libc++";
				CLANG_ENABLE_MODULES = YES;
				CLANG_ENABLE_OBJC_ARC = YES;
				CLANG_ENABLE_OBJC_WEAK = YES;
				CLANG_WARN_BLOCK_CAPTURE_AUTORELEASING = YES;
				CLANG_WARN_BOOL_CONVERSION = YES;
				CLANG_WARN_COMMA = YES;
				CLANG_WARN_CONSTANT_CONVERSION = YES;
				CLANG_WARN_DEPRECATED_OBJC_IMPLEMENTATIONS = YES;
				CLANG_WARN_DIRECT_OBJC_ISA_USAGE = YES_ERROR;
				CLANG_WARN_DOCUMENTATION_COMMENTS = YES;
				CLANG_WARN_EMPTY_BODY = YES;
				CLANG_WARN_ENUM_CONVERSION = YES;
				CLANG_WARN_INFINITE_RECURSION = YES;
				CLANG_WARN_INT_CONVERSION = YES;
				CLANG_WARN_NON_LITERAL_NULL_CONVERSION = YES;
				CLANG_WARN_OBJC_IMPLICIT_RETAIN_SELF = YES;
				CLANG_WARN_OBJC_LITERAL_CONVERSION = YES;
				CLANG_WARN_OBJC_ROOT_CLASS = YES_ERROR;
				CLANG_WARN_RANGE_LOOP_ANALYSIS = YES;
				CLANG_WARN_STRICT_PROTOTYPES = YES;
				CLANG_WARN_SUSPICIOUS_MOVE = YES;
				CLANG_WARN_UNGUARDED_AVAILABILITY = YES_AGGRESSIVE;
				CLANG_WARN_UNREACHABLE_CODE = YES;
				CLANG_WARN__DUPLICATE_METHOD_MATCH = YES;
				COPY_PHASE_STRIP = NO;
				DEBUG_INFORMATION_FORMAT = dwarf;
				ENABLE_STRICT_OBJC_MSGSEND = YES;
				ENABLE_TESTABILITY = YES;
				GCC_C_LANGUAGE_STANDARD = gnu11;
				GCC_DYNAMIC_NO_PIC = NO;
				GCC_NO_COMMON_BLOCKS = YES;
				GCC_OPTIMIZATION_LEVEL = 0;
				GCC_PREPROCESSOR_DEFINITIONS = (
					"DEBUG=1",
					"$(inherited)",
				);
				GCC_WARN_64_TO_32_BIT_CONVERSION = YES;
				GCC_WARN_ABOUT_RETURN_TYPE = YES_ERROR;
				GCC_WARN_UNDECLARED_SELECTOR = YES;
				GCC_WARN_UNINITIALIZED_AUTOS = YES_AGGRESSIVE;
				GCC_WARN_UNUSED_FUNCTION = YES;
				GCC_WARN_UNUSED_VARIABLE = YES;
				IPHONEOS_DEPLOYMENT_TARGET = 13.4;
				MTL_ENABLE_DEBUG_INFO = INCLUDE_SOURCE;
				MTL_FAST_MATH = YES;
				ONLY_ACTIVE_ARCH = YES;
				SDKROOT = iphoneos;
				SWIFT_ACTIVE_COMPILATION_CONDITIONS = DEBUG;
				SWIFT_OPTIMIZATION_LEVEL = "-Onone";
			};
			name = Debug;
		};
		B91B3D49245CAA0E0012D8D6 /* Release */ = {
			isa = XCBuildConfiguration;
			buildSettings = {
				ALWAYS_SEARCH_USER_PATHS = NO;
				CLANG_ANALYZER_NONNULL = YES;
				CLANG_ANALYZER_NUMBER_OBJECT_CONVERSION = YES_AGGRESSIVE;
				CLANG_CXX_LANGUAGE_STANDARD = "gnu++14";
				CLANG_CXX_LIBRARY = "libc++";
				CLANG_ENABLE_MODULES = YES;
				CLANG_ENABLE_OBJC_ARC = YES;
				CLANG_ENABLE_OBJC_WEAK = YES;
				CLANG_WARN_BLOCK_CAPTURE_AUTORELEASING = YES;
				CLANG_WARN_BOOL_CONVERSION = YES;
				CLANG_WARN_COMMA = YES;
				CLANG_WARN_CONSTANT_CONVERSION = YES;
				CLANG_WARN_DEPRECATED_OBJC_IMPLEMENTATIONS = YES;
				CLANG_WARN_DIRECT_OBJC_ISA_USAGE = YES_ERROR;
				CLANG_WARN_DOCUMENTATION_COMMENTS = YES;
				CLANG_WARN_EMPTY_BODY = YES;
				CLANG_WARN_ENUM_CONVERSION = YES;
				CLANG_WARN_INFINITE_RECURSION = YES;
				CLANG_WARN_INT_CONVERSION = YES;
				CLANG_WARN_NON_LITERAL_NULL_CONVERSION = YES;
				CLANG_WARN_OBJC_IMPLICIT_RETAIN_SELF = YES;
				CLANG_WARN_OBJC_LITERAL_CONVERSION = YES;
				CLANG_WARN_OBJC_ROOT_CLASS = YES_ERROR;
				CLANG_WARN_RANGE_LOOP_ANALYSIS = YES;
				CLANG_WARN_STRICT_PROTOTYPES = YES;
				CLANG_WARN_SUSPICIOUS_MOVE = YES;
				CLANG_WARN_UNGUARDED_AVAILABILITY = YES_AGGRESSIVE;
				CLANG_WARN_UNREACHABLE_CODE = YES;
				CLANG_WARN__DUPLICATE_METHOD_MATCH = YES;
				COPY_PHASE_STRIP = NO;
				DEBUG_INFORMATION_FORMAT = "dwarf-with-dsym";
				ENABLE_NS_ASSERTIONS = NO;
				ENABLE_STRICT_OBJC_MSGSEND = YES;
				GCC_C_LANGUAGE_STANDARD = gnu11;
				GCC_NO_COMMON_BLOCKS = YES;
				GCC_WARN_64_TO_32_BIT_CONVERSION = YES;
				GCC_WARN_ABOUT_RETURN_TYPE = YES_ERROR;
				GCC_WARN_UNDECLARED_SELECTOR = YES;
				GCC_WARN_UNINITIALIZED_AUTOS = YES_AGGRESSIVE;
				GCC_WARN_UNUSED_FUNCTION = YES;
				GCC_WARN_UNUSED_VARIABLE = YES;
				IPHONEOS_DEPLOYMENT_TARGET = 13.4;
				MTL_ENABLE_DEBUG_INFO = NO;
				MTL_FAST_MATH = YES;
				SDKROOT = iphoneos;
				SWIFT_COMPILATION_MODE = wholemodule;
				SWIFT_OPTIMIZATION_LEVEL = "-O";
				VALIDATE_PRODUCT = YES;
			};
			name = Release;
		};
		B91B3D4B245CAA0E0012D8D6 /* Debug */ = {
			isa = XCBuildConfiguration;
			buildSettings = {
				ASSETCATALOG_COMPILER_APPICON_NAME = AppIcon;
				CODE_SIGN_STYLE = Automatic;
				DEVELOPMENT_ASSET_PATHS = "\"list-swiftui/Preview Content\"";
				DEVELOPMENT_TEAM = 66LUP84392;
				ENABLE_PREVIEWS = YES;
				INFOPLIST_FILE = "list-swiftui/Info.plist";
				LD_RUNPATH_SEARCH_PATHS = (
					"$(inherited)",
					"@executable_path/Frameworks",
				);
				PRODUCT_BUNDLE_IDENTIFIER = "co.novenkov.list-swiftui";
				PRODUCT_NAME = "$(TARGET_NAME)";
				SWIFT_VERSION = 5.0;
				TARGETED_DEVICE_FAMILY = "1,2";
			};
			name = Debug;
		};
		B91B3D4C245CAA0E0012D8D6 /* Release */ = {
			isa = XCBuildConfiguration;
			buildSettings = {
				ASSETCATALOG_COMPILER_APPICON_NAME = AppIcon;
				CODE_SIGN_STYLE = Automatic;
				DEVELOPMENT_ASSET_PATHS = "\"list-swiftui/Preview Content\"";
				DEVELOPMENT_TEAM = 66LUP84392;
				ENABLE_PREVIEWS = YES;
				INFOPLIST_FILE = "list-swiftui/Info.plist";
				LD_RUNPATH_SEARCH_PATHS = (
					"$(inherited)",
					"@executable_path/Frameworks",
				);
				PRODUCT_BUNDLE_IDENTIFIER = "co.novenkov.list-swiftui";
				PRODUCT_NAME = "$(TARGET_NAME)";
				SWIFT_VERSION = 5.0;
				TARGETED_DEVICE_FAMILY = "1,2";
			};
			name = Release;
		};
/* End XCBuildConfiguration section */

/* Begin XCConfigurationList section */
		B91B3D31245CAA0C0012D8D6 /* Build configuration list for PBXProject "list-swiftui" */ = {
			isa = XCConfigurationList;
			buildConfigurations = (
				B91B3D48245CAA0E0012D8D6 /* Debug */,
				B91B3D49245CAA0E0012D8D6 /* Release */,
			);
			defaultConfigurationIsVisible = 0;
			defaultConfigurationName = Release;
		};
		B91B3D4A245CAA0E0012D8D6 /* Build configuration list for PBXNativeTarget "list-swiftui" */ = {
			isa = XCConfigurationList;
			buildConfigurations = (
				B91B3D4B245CAA0E0012D8D6 /* Debug */,
				B91B3D4C245CAA0E0012D8D6 /* Release */,
			);
			defaultConfigurationIsVisible = 0;
			defaultConfigurationName = Release;
		};
/* End XCConfigurationList section */
	};
	rootObject = B91B3D2E245CAA0C0012D8D6 /* Project object */;
}
